
Microsoft Visual Studio Solution File, Format Version 12.00
# Visual Studio Version 17
VisualStudioVersion = 17.10.35122.118
MinimumVisualStudioVersion = 10.0.40219.1
Project("{E24C65DC-7377-472B-9ABA-BC803B73C61A}") = "GULMOHAR", ".", "{14A4960F-00C7-4F7A-AB88-8F6C1D55ADFF}"
	ProjectSection(WebsiteProperties) = preProject
		TargetFrameworkMoniker = ".NETFramework,Version%3Dv4.7.2"
		Debug.AspNetCompiler.VirtualPath = "/localhost_60443"
		Debug.AspNetCompiler.PhysicalPath = "..\GULMOHAR\"
		Debug.AspNetCompiler.TargetPath = "PrecompiledWeb\localhost_60443\"
		Debug.AspNetCompiler.Updateable = "true"
		Debug.AspNetCompiler.ForceOverwrite = "true"
		Debug.AspNetCompiler.FixedNames = "false"
		Debug.AspNetCompiler.Debug = "True"
		Release.AspNetCompiler.VirtualPath = "/localhost_60443"
		Release.AspNetCompiler.PhysicalPath = "..\GULMOHAR\"
		Release.AspNetCompiler.TargetPath = "PrecompiledWeb\localhost_60443\"
		Release.AspNetCompiler.Updateable = "true"
		Release.AspNetCompiler.ForceOverwrite = "true"
		Release.AspNetCompiler.FixedNames = "false"
		Release.AspNetCompiler.Debug = "False"
		VWDPort = "60443"
		SlnRelativePath = "..\GULMOHAR\"
		DefaultWebSiteLanguage = "Visual C#"
	EndProjectSection
EndProject
Global
	GlobalSection(SolutionConfigurationPlatforms) = preSolution
		Debug|Any CPU = Debug|Any CPU
	EndGlobalSection
	GlobalSection(ProjectConfigurationPlatforms) = postSolution
		{14A4960F-00C7-4F7A-AB88-8F6C1D55ADFF}.Debug|Any CPU.ActiveCfg = Debug|Any CPU
		{14A4960F-00C7-4F7A-AB88-8F6C1D55ADFF}.Debug|Any CPU.Build.0 = Debug|Any CPU
	EndGlobalSection
	GlobalSection(SolutionProperties) = preSolution
		HideSolutionNode = FALSE
	EndGlobalSection
	GlobalSection(ExtensibilityGlobals) = postSolution
		SolutionGuid = {653D15D5-8DBD-4784-87FB-EC70CA57F5EB}
	EndGlobalSection
EndGlobal
